
Microsoft Visual Studio Solution File, Format Version 12.00
# Visual Studio Version 17
VisualStudioVersion = 17.0.31903.59
MinimumVisualStudioVersion = 10.0.40219.1
Project("{2150E333-8FDC-42A3-9474-1A3956D46DE8}") = "Solution Items", "Solution Items", "{1E435FBE-FD77-45EF-865D-E3B6C3CD60E8}"
	ProjectSection(SolutionItems) = preProject
		.editorconfig = .editorconfig
		changelog.txt = changelog.txt
		.github\workflows\dotnet5.yml = .github\workflows\dotnet5.yml
		README.md = README.md
	EndProjectSection
EndProject
Project("{9A19103F-16F7-4668-BE54-9A1E7A4F7556}") = "Ariane5", "src\Ariane5\Ariane5.csproj", "{E2B9436A-801F-4594-BC5A-B6F8B26D8056}"
EndProject
Project("{9A19103F-16F7-4668-BE54-9A1E7A4F7556}") = "Ariane5.Tests", "src\Ariane5.Tests\Ariane5.Tests.csproj", "{C1B38AE6-C1F7-4B32-9324-FD663BFF33E4}"
EndProject
Project("{9A19103F-16F7-4668-BE54-9A1E7A4F7556}") = "Ariane5.Azure", "src\Ariane5.Azure\Ariane5.Azure.csproj", "{73CF29A5-5E70-4AD9-9B3C-A89D31FD312C}"
EndProject
Project("{9A19103F-16F7-4668-BE54-9A1E7A4F7556}") = "Ariane5.ClientWriters", "src\Ariane5.ClientWriters\Ariane5.ClientWriters.csproj", "{E6A9B681-C3E6-4879-B845-514C34364E74}"
EndProject
Project("{9A19103F-16F7-4668-BE54-9A1E7A4F7556}") = "Ariane5.ClientReaders", "src\Ariane5.ClientReaders\Ariane5.ClientReaders.csproj", "{CE65098A-546A-4932-A006-EEF83E08FF4E}"
EndProject
Project("{9A19103F-16F7-4668-BE54-9A1E7A4F7556}") = "Ariane5.AzureQueueClientWriters", "src\Ariane.AzureQueueClientWriters\Ariane5.AzureQueueClientWriters.csproj", "{6B8C7FE6-6766-43DC-805A-0C685B4A2D4F}"
EndProject
Project("{9A19103F-16F7-4668-BE54-9A1E7A4F7556}") = "Ariane5.AzureQueueClientReaders", "src\Ariane.AzureQueueClientReaders\Ariane5.AzureQueueClientReaders.csproj", "{DBEDB377-4E3F-4BE6-9371-FCC977F8EF27}"
EndProject
Project("{2150E333-8FDC-42A3-9474-1A3956D46DE8}") = "Stress", "Stress", "{F78FC700-35EF-40DC-9954-0648EDC87994}"
EndProject
Project("{9A19103F-16F7-4668-BE54-9A1E7A4F7556}") = "Ariane5.AzureTopicClientWriters", "src\Ariane5.AzureTopicClientWriters\Ariane5.AzureTopicClientWriters.csproj", "{69FA854C-448B-402A-87D8-8BE1CFDAF5E6}"
EndProject
Project("{9A19103F-16F7-4668-BE54-9A1E7A4F7556}") = "Ariane5.AzureTopicClientReaders", "src\Azure5.AzureTopicClientReaders\Ariane5.AzureTopicClientReaders.csproj", "{A479AD31-32F7-4C9D-8D54-6B2DF49518A7}"
EndProject
Project("{FAE04EC0-301F-11D3-BF4B-00C04F79EFBC}") = "Ariane5.Msmq", "src\Ariane5.Msmq\Ariane5.Msmq.csproj", "{37F32BE3-6480-48C6-A347-ADF766147411}"
EndProject
Global
	GlobalSection(SolutionConfigurationPlatforms) = preSolution
		Debug|Any CPU = Debug|Any CPU
		Release|Any CPU = Release|Any CPU
	EndGlobalSection
	GlobalSection(ProjectConfigurationPlatforms) = postSolution
		{E2B9436A-801F-4594-BC5A-B6F8B26D8056}.Debug|Any CPU.ActiveCfg = Debug|Any CPU
		{E2B9436A-801F-4594-BC5A-B6F8B26D8056}.Debug|Any CPU.Build.0 = Debug|Any CPU
		{E2B9436A-801F-4594-BC5A-B6F8B26D8056}.Release|Any CPU.ActiveCfg = Release|Any CPU
		{E2B9436A-801F-4594-BC5A-B6F8B26D8056}.Release|Any CPU.Build.0 = Release|Any CPU
		{C1B38AE6-C1F7-4B32-9324-FD663BFF33E4}.Debug|Any CPU.ActiveCfg = Debug|Any CPU
		{C1B38AE6-C1F7-4B32-9324-FD663BFF33E4}.Debug|Any CPU.Build.0 = Debug|Any CPU
		{C1B38AE6-C1F7-4B32-9324-FD663BFF33E4}.Release|Any CPU.ActiveCfg = Release|Any CPU
		{C1B38AE6-C1F7-4B32-9324-FD663BFF33E4}.Release|Any CPU.Build.0 = Release|Any CPU
		{73CF29A5-5E70-4AD9-9B3C-A89D31FD312C}.Debug|Any CPU.ActiveCfg = Debug|Any CPU
		{73CF29A5-5E70-4AD9-9B3C-A89D31FD312C}.Debug|Any CPU.Build.0 = Debug|Any CPU
		{73CF29A5-5E70-4AD9-9B3C-A89D31FD312C}.Release|Any CPU.ActiveCfg = Release|Any CPU
		{73CF29A5-5E70-4AD9-9B3C-A89D31FD312C}.Release|Any CPU.Build.0 = Release|Any CPU
		{E6A9B681-C3E6-4879-B845-514C34364E74}.Debug|Any CPU.ActiveCfg = Debug|Any CPU
		{E6A9B681-C3E6-4879-B845-514C34364E74}.Debug|Any CPU.Build.0 = Debug|Any CPU
		{E6A9B681-C3E6-4879-B845-514C34364E74}.Release|Any CPU.ActiveCfg = Release|Any CPU
		{E6A9B681-C3E6-4879-B845-514C34364E74}.Release|Any CPU.Build.0 = Release|Any CPU
		{CE65098A-546A-4932-A006-EEF83E08FF4E}.Debug|Any CPU.ActiveCfg = Debug|Any CPU
		{CE65098A-546A-4932-A006-EEF83E08FF4E}.Debug|Any CPU.Build.0 = Debug|Any CPU
		{CE65098A-546A-4932-A006-EEF83E08FF4E}.Release|Any CPU.ActiveCfg = Release|Any CPU
		{CE65098A-546A-4932-A006-EEF83E08FF4E}.Release|Any CPU.Build.0 = Release|Any CPU
		{6B8C7FE6-6766-43DC-805A-0C685B4A2D4F}.Debug|Any CPU.ActiveCfg = Debug|Any CPU
		{6B8C7FE6-6766-43DC-805A-0C685B4A2D4F}.Debug|Any CPU.Build.0 = Debug|Any CPU
		{6B8C7FE6-6766-43DC-805A-0C685B4A2D4F}.Release|Any CPU.ActiveCfg = Release|Any CPU
		{6B8C7FE6-6766-43DC-805A-0C685B4A2D4F}.Release|Any CPU.Build.0 = Release|Any CPU
		{DBEDB377-4E3F-4BE6-9371-FCC977F8EF27}.Debug|Any CPU.ActiveCfg = Debug|Any CPU
		{DBEDB377-4E3F-4BE6-9371-FCC977F8EF27}.Debug|Any CPU.Build.0 = Debug|Any CPU
		{DBEDB377-4E3F-4BE6-9371-FCC977F8EF27}.Release|Any CPU.ActiveCfg = Release|Any CPU
		{DBEDB377-4E3F-4BE6-9371-FCC977F8EF27}.Release|Any CPU.Build.0 = Release|Any CPU
		{69FA854C-448B-402A-87D8-8BE1CFDAF5E6}.Debug|Any CPU.ActiveCfg = Debug|Any CPU
		{69FA854C-448B-402A-87D8-8BE1CFDAF5E6}.Debug|Any CPU.Build.0 = Debug|Any CPU
		{69FA854C-448B-402A-87D8-8BE1CFDAF5E6}.Release|Any CPU.ActiveCfg = Release|Any CPU
		{69FA854C-448B-402A-87D8-8BE1CFDAF5E6}.Release|Any CPU.Build.0 = Release|Any CPU
		{A479AD31-32F7-4C9D-8D54-6B2DF49518A7}.Debug|Any CPU.ActiveCfg = Debug|Any CPU
		{A479AD31-32F7-4C9D-8D54-6B2DF49518A7}.Debug|Any CPU.Build.0 = Debug|Any CPU
		{A479AD31-32F7-4C9D-8D54-6B2DF49518A7}.Release|Any CPU.ActiveCfg = Release|Any CPU
		{A479AD31-32F7-4C9D-8D54-6B2DF49518A7}.Release|Any CPU.Build.0 = Release|Any CPU
		{37F32BE3-6480-48C6-A347-ADF766147411}.Debug|Any CPU.ActiveCfg = Debug|Any CPU
		{37F32BE3-6480-48C6-A347-ADF766147411}.Debug|Any CPU.Build.0 = Debug|Any CPU
		{37F32BE3-6480-48C6-A347-ADF766147411}.Release|Any CPU.ActiveCfg = Release|Any CPU
		{37F32BE3-6480-48C6-A347-ADF766147411}.Release|Any CPU.Build.0 = Release|Any CPU
	EndGlobalSection
	GlobalSection(SolutionProperties) = preSolution
		HideSolutionNode = FALSE
	EndGlobalSection
	GlobalSection(NestedProjects) = preSolution
		{E6A9B681-C3E6-4879-B845-514C34364E74} = {F78FC700-35EF-40DC-9954-0648EDC87994}
		{CE65098A-546A-4932-A006-EEF83E08FF4E} = {F78FC700-35EF-40DC-9954-0648EDC87994}
		{6B8C7FE6-6766-43DC-805A-0C685B4A2D4F} = {F78FC700-35EF-40DC-9954-0648EDC87994}
		{DBEDB377-4E3F-4BE6-9371-FCC977F8EF27} = {F78FC700-35EF-40DC-9954-0648EDC87994}
		{69FA854C-448B-402A-87D8-8BE1CFDAF5E6} = {F78FC700-35EF-40DC-9954-0648EDC87994}
		{A479AD31-32F7-4C9D-8D54-6B2DF49518A7} = {F78FC700-35EF-40DC-9954-0648EDC87994}
	EndGlobalSection
	GlobalSection(ExtensibilityGlobals) = postSolution
		SolutionGuid = {82518F7F-349E-4013-92A6-ABB7F5B87E24}
	EndGlobalSection
EndGlobal
