
Microsoft Visual Studio Solution File, Format Version 12.00
# Visual Studio 15
VisualStudioVersion = 15.0.27004.2009
MinimumVisualStudioVersion = 10.0.40219.1
Project("{FAE04EC0-301F-11D3-BF4B-00C04F79EFBC}") = "Ariane", "src\Ariane\Ariane.csproj", "{D71050CE-F15A-4A94-9438-C755C1A28D5D}"
EndProject
Project("{FAE04EC0-301F-11D3-BF4B-00C04F79EFBC}") = "Ariane.Tests", "src\Ariane.Tests\Ariane.Tests.csproj", "{FC82E343-83B8-425C-B7F3-D287B11F47F4}"
EndProject
Project("{FAE04EC0-301F-11D3-BF4B-00C04F79EFBC}") = "Ariane.Tests.Server", "src\Ariane.Tests.Server\Ariane.Tests.Server.csproj", "{D7E87EE2-30DC-49C3-846B-6790BF466BDA}"
EndProject
Project("{FAE04EC0-301F-11D3-BF4B-00C04F79EFBC}") = "Ariane.Azure", "src\Ariane.Azure\Ariane.Azure.csproj", "{A50D52CE-F29D-4B50-B7C6-CF20FB05411E}"
EndProject
Project("{FAE04EC0-301F-11D3-BF4B-00C04F79EFBC}") = "Ariane.Azure.Tests", "src\Ariane.Azure.Tests\Ariane.Azure.Tests.csproj", "{22A74ED3-B1B3-4014-9DDB-780D52B54465}"
EndProject
Project("{FAE04EC0-301F-11D3-BF4B-00C04F79EFBC}") = "Ariane.Tests.Client", "src\Ariane.Tests.Client\Ariane.Tests.Client.csproj", "{BAE0F73D-C9E5-4A02-90C7-4F130B67590B}"
EndProject
Project("{2150E333-8FDC-42A3-9474-1A3956D46DE8}") = "Solution Items", "Solution Items", "{1E435FBE-FD77-45EF-865D-E3B6C3CD60E8}"
	ProjectSection(SolutionItems) = preProject
		changelog.txt = changelog.txt
		README.md = README.md
	EndProjectSection
EndProject
Project("{FAE04EC0-301F-11D3-BF4B-00C04F79EFBC}") = "ArianeAzureQueueSenderConsole", "src\ArianeAzureQueueSenderConsole\ArianeAzureQueueSenderConsole.csproj", "{F3B8AF32-7F9D-4923-9714-83989AF19DC2}"
EndProject
Project("{FAE04EC0-301F-11D3-BF4B-00C04F79EFBC}") = "ArianeAzureQueueReaderConsole", "src\ArianeAzureQueueReaderConsole\ArianeAzureQueueReaderConsole.csproj", "{BB7B092D-60ED-4089-A06B-558C41A0823F}"
EndProject
Global
	GlobalSection(SolutionConfigurationPlatforms) = preSolution
		Debug|Any CPU = Debug|Any CPU
		Release|Any CPU = Release|Any CPU
	EndGlobalSection
	GlobalSection(ProjectConfigurationPlatforms) = postSolution
		{D71050CE-F15A-4A94-9438-C755C1A28D5D}.Debug|Any CPU.ActiveCfg = Debug|Any CPU
		{D71050CE-F15A-4A94-9438-C755C1A28D5D}.Debug|Any CPU.Build.0 = Debug|Any CPU
		{D71050CE-F15A-4A94-9438-C755C1A28D5D}.Release|Any CPU.ActiveCfg = Release|Any CPU
		{D71050CE-F15A-4A94-9438-C755C1A28D5D}.Release|Any CPU.Build.0 = Release|Any CPU
		{FC82E343-83B8-425C-B7F3-D287B11F47F4}.Debug|Any CPU.ActiveCfg = Debug|Any CPU
		{FC82E343-83B8-425C-B7F3-D287B11F47F4}.Debug|Any CPU.Build.0 = Debug|Any CPU
		{FC82E343-83B8-425C-B7F3-D287B11F47F4}.Release|Any CPU.ActiveCfg = Release|Any CPU
		{FC82E343-83B8-425C-B7F3-D287B11F47F4}.Release|Any CPU.Build.0 = Release|Any CPU
		{D7E87EE2-30DC-49C3-846B-6790BF466BDA}.Debug|Any CPU.ActiveCfg = Debug|Any CPU
		{D7E87EE2-30DC-49C3-846B-6790BF466BDA}.Debug|Any CPU.Build.0 = Debug|Any CPU
		{D7E87EE2-30DC-49C3-846B-6790BF466BDA}.Release|Any CPU.ActiveCfg = Release|Any CPU
		{D7E87EE2-30DC-49C3-846B-6790BF466BDA}.Release|Any CPU.Build.0 = Release|Any CPU
		{A50D52CE-F29D-4B50-B7C6-CF20FB05411E}.Debug|Any CPU.ActiveCfg = Debug|Any CPU
		{A50D52CE-F29D-4B50-B7C6-CF20FB05411E}.Debug|Any CPU.Build.0 = Debug|Any CPU
		{A50D52CE-F29D-4B50-B7C6-CF20FB05411E}.Release|Any CPU.ActiveCfg = Release|Any CPU
		{A50D52CE-F29D-4B50-B7C6-CF20FB05411E}.Release|Any CPU.Build.0 = Release|Any CPU
		{22A74ED3-B1B3-4014-9DDB-780D52B54465}.Debug|Any CPU.ActiveCfg = Debug|Any CPU
		{22A74ED3-B1B3-4014-9DDB-780D52B54465}.Release|Any CPU.ActiveCfg = Release|Any CPU
		{22A74ED3-B1B3-4014-9DDB-780D52B54465}.Release|Any CPU.Build.0 = Release|Any CPU
		{BAE0F73D-C9E5-4A02-90C7-4F130B67590B}.Debug|Any CPU.ActiveCfg = Debug|Any CPU
		{BAE0F73D-C9E5-4A02-90C7-4F130B67590B}.Debug|Any CPU.Build.0 = Debug|Any CPU
		{BAE0F73D-C9E5-4A02-90C7-4F130B67590B}.Release|Any CPU.ActiveCfg = Release|Any CPU
		{BAE0F73D-C9E5-4A02-90C7-4F130B67590B}.Release|Any CPU.Build.0 = Release|Any CPU
		{F3B8AF32-7F9D-4923-9714-83989AF19DC2}.Debug|Any CPU.ActiveCfg = Debug|Any CPU
		{F3B8AF32-7F9D-4923-9714-83989AF19DC2}.Debug|Any CPU.Build.0 = Debug|Any CPU
		{F3B8AF32-7F9D-4923-9714-83989AF19DC2}.Release|Any CPU.ActiveCfg = Release|Any CPU
		{F3B8AF32-7F9D-4923-9714-83989AF19DC2}.Release|Any CPU.Build.0 = Release|Any CPU
		{BB7B092D-60ED-4089-A06B-558C41A0823F}.Debug|Any CPU.ActiveCfg = Debug|Any CPU
		{BB7B092D-60ED-4089-A06B-558C41A0823F}.Debug|Any CPU.Build.0 = Debug|Any CPU
		{BB7B092D-60ED-4089-A06B-558C41A0823F}.Release|Any CPU.ActiveCfg = Release|Any CPU
		{BB7B092D-60ED-4089-A06B-558C41A0823F}.Release|Any CPU.Build.0 = Release|Any CPU
	EndGlobalSection
	GlobalSection(SolutionProperties) = preSolution
		HideSolutionNode = FALSE
	EndGlobalSection
	GlobalSection(ExtensibilityGlobals) = postSolution
		SolutionGuid = {82518F7F-349E-4013-92A6-ABB7F5B87E24}
	EndGlobalSection
EndGlobal
